// !$*UTF8*$!
{
	archiveVersion = 1;
	classes = {
	};
	objectVersion = 48;
	objects = {

/* Begin PBXBuildFile section */
		E5A98BAF2127EE82003F1D99 /* DistanceViewController.swift in Sources */ = {isa = PBXBuildFile; fileRef = E5A98BAE2127EE82003F1D99 /* DistanceViewController.swift */; };
		E5A98BB12127EEC4003F1D99 /* SpeedViewController.swift in Sources */ = {isa = PBXBuildFile; fileRef = E5A98BB02127EEC4003F1D99 /* SpeedViewController.swift */; };
		E5A98BB32127F2E9003F1D99 /* WeightConversion.swift in Sources */ = {isa = PBXBuildFile; fileRef = E5A98BB22127F2E9003F1D99 /* WeightConversion.swift */; };
		E5E7865721264C9B00CCF0D0 /* AppDelegate.swift in Sources */ = {isa = PBXBuildFile; fileRef = E5E7865621264C9B00CCF0D0 /* AppDelegate.swift */; };
		E5E7865921264C9B00CCF0D0 /* WeightViewController.swift in Sources */ = {isa = PBXBuildFile; fileRef = E5E7865821264C9B00CCF0D0 /* WeightViewController.swift */; };
		E5E7865B21264C9B00CCF0D0 /* TempretureViewController.swift in Sources */ = {isa = PBXBuildFile; fileRef = E5E7865A21264C9B00CCF0D0 /* TempretureViewController.swift */; };
		E5E7865E21264C9B00CCF0D0 /* Main.storyboard in Resources */ = {isa = PBXBuildFile; fileRef = E5E7865C21264C9B00CCF0D0 /* Main.storyboard */; };
		E5E7866021264C9B00CCF0D0 /* Assets.xcassets in Resources */ = {isa = PBXBuildFile; fileRef = E5E7865F21264C9B00CCF0D0 /* Assets.xcassets */; };
		E5E7866321264C9B00CCF0D0 /* LaunchScreen.storyboard in Resources */ = {isa = PBXBuildFile; fileRef = E5E7866121264C9B00CCF0D0 /* LaunchScreen.storyboard */; };
		E5E7866E21264C9B00CCF0D0 /* unit_converterTests.swift in Sources */ = {isa = PBXBuildFile; fileRef = E5E7866D21264C9B00CCF0D0 /* unit_converterTests.swift */; };
		E5E7867921264C9B00CCF0D0 /* unit_converterUITests.swift in Sources */ = {isa = PBXBuildFile; fileRef = E5E7867821264C9B00CCF0D0 /* unit_converterUITests.swift */; };
/* End PBXBuildFile section */

/* Begin PBXContainerItemProxy section */
		E5E7866A21264C9B00CCF0D0 /* PBXContainerItemProxy */ = {
			isa = PBXContainerItemProxy;
			containerPortal = E5E7864B21264C9B00CCF0D0 /* Project object */;
			proxyType = 1;
			remoteGlobalIDString = E5E7865221264C9B00CCF0D0;
			remoteInfo = unit_converter;
		};
		E5E7867521264C9B00CCF0D0 /* PBXContainerItemProxy */ = {
			isa = PBXContainerItemProxy;
			containerPortal = E5E7864B21264C9B00CCF0D0 /* Project object */;
			proxyType = 1;
			remoteGlobalIDString = E5E7865221264C9B00CCF0D0;
			remoteInfo = unit_converter;
		};
/* End PBXContainerItemProxy section */

/* Begin PBXFileReference section */
		E5A98BAE2127EE82003F1D99 /* DistanceViewController.swift */ = {isa = PBXFileReference; lastKnownFileType = sourcecode.swift; path = DistanceViewController.swift; sourceTree = "<group>"; };
		E5A98BB02127EEC4003F1D99 /* SpeedViewController.swift */ = {isa = PBXFileReference; lastKnownFileType = sourcecode.swift; path = SpeedViewController.swift; sourceTree = "<group>"; };
		E5A98BB22127F2E9003F1D99 /* WeightConversion.swift */ = {isa = PBXFileReference; lastKnownFileType = sourcecode.swift; path = WeightConversion.swift; sourceTree = "<group>"; };
		E5E7865321264C9B00CCF0D0 /* unit_converter.app */ = {isa = PBXFileReference; explicitFileType = wrapper.application; includeInIndex = 0; path = unit_converter.app; sourceTree = BUILT_PRODUCTS_DIR; };
		E5E7865621264C9B00CCF0D0 /* AppDelegate.swift */ = {isa = PBXFileReference; lastKnownFileType = sourcecode.swift; path = AppDelegate.swift; sourceTree = "<group>"; };
		E5E7865821264C9B00CCF0D0 /* WeightViewController.swift */ = {isa = PBXFileReference; lastKnownFileType = sourcecode.swift; path = WeightViewController.swift; sourceTree = "<group>"; };
		E5E7865A21264C9B00CCF0D0 /* TempretureViewController.swift */ = {isa = PBXFileReference; lastKnownFileType = sourcecode.swift; path = TempretureViewController.swift; sourceTree = "<group>"; };
		E5E7865D21264C9B00CCF0D0 /* Base */ = {isa = PBXFileReference; lastKnownFileType = file.storyboard; name = Base; path = Base.lproj/Main.storyboard; sourceTree = "<group>"; };
		E5E7865F21264C9B00CCF0D0 /* Assets.xcassets */ = {isa = PBXFileReference; lastKnownFileType = folder.assetcatalog; path = Assets.xcassets; sourceTree = "<group>"; };
		E5E7866221264C9B00CCF0D0 /* Base */ = {isa = PBXFileReference; lastKnownFileType = file.storyboard; name = Base; path = Base.lproj/LaunchScreen.storyboard; sourceTree = "<group>"; };
		E5E7866421264C9B00CCF0D0 /* Info.plist */ = {isa = PBXFileReference; lastKnownFileType = text.plist.xml; path = Info.plist; sourceTree = "<group>"; };
		E5E7866921264C9B00CCF0D0 /* unit_converterTests.xctest */ = {isa = PBXFileReference; explicitFileType = wrapper.cfbundle; includeInIndex = 0; path = unit_converterTests.xctest; sourceTree = BUILT_PRODUCTS_DIR; };
		E5E7866D21264C9B00CCF0D0 /* unit_converterTests.swift */ = {isa = PBXFileReference; lastKnownFileType = sourcecode.swift; path = unit_converterTests.swift; sourceTree = "<group>"; };
		E5E7866F21264C9B00CCF0D0 /* Info.plist */ = {isa = PBXFileReference; lastKnownFileType = text.plist.xml; path = Info.plist; sourceTree = "<group>"; };
		E5E7867421264C9B00CCF0D0 /* unit_converterUITests.xctest */ = {isa = PBXFileReference; explicitFileType = wrapper.cfbundle; includeInIndex = 0; path = unit_converterUITests.xctest; sourceTree = BUILT_PRODUCTS_DIR; };
		E5E7867821264C9B00CCF0D0 /* unit_converterUITests.swift */ = {isa = PBXFileReference; lastKnownFileType = sourcecode.swift; path = unit_converterUITests.swift; sourceTree = "<group>"; };
		E5E7867A21264C9B00CCF0D0 /* Info.plist */ = {isa = PBXFileReference; lastKnownFileType = text.plist.xml; path = Info.plist; sourceTree = "<group>"; };
/* End PBXFileReference section */

/* Begin PBXFrameworksBuildPhase section */
		E5E7865021264C9B00CCF0D0 /* Frameworks */ = {
			isa = PBXFrameworksBuildPhase;
			buildActionMask = 2147483647;
			files = (
			);
			runOnlyForDeploymentPostprocessing = 0;
		};
		E5E7866621264C9B00CCF0D0 /* Frameworks */ = {
			isa = PBXFrameworksBuildPhase;
			buildActionMask = 2147483647;
			files = (
			);
			runOnlyForDeploymentPostprocessing = 0;
		};
		E5E7867121264C9B00CCF0D0 /* Frameworks */ = {
			isa = PBXFrameworksBuildPhase;
			buildActionMask = 2147483647;
			files = (
			);
			runOnlyForDeploymentPostprocessing = 0;
		};
/* End PBXFrameworksBuildPhase section */

/* Begin PBXGroup section */
		E5E7864A21264C9B00CCF0D0 = {
			isa = PBXGroup;
			children = (
				E5E7865521264C9B00CCF0D0 /* unit_converter */,
				E5E7866C21264C9B00CCF0D0 /* unit_converterTests */,
				E5E7867721264C9B00CCF0D0 /* unit_converterUITests */,
				E5E7865421264C9B00CCF0D0 /* Products */,
			);
			sourceTree = "<group>";
		};
		E5E7865421264C9B00CCF0D0 /* Products */ = {
			isa = PBXGroup;
			children = (
				E5E7865321264C9B00CCF0D0 /* unit_converter.app */,
				E5E7866921264C9B00CCF0D0 /* unit_converterTests.xctest */,
				E5E7867421264C9B00CCF0D0 /* unit_converterUITests.xctest */,
			);
			name = Products;
			sourceTree = "<group>";
		};
		E5E7865521264C9B00CCF0D0 /* unit_converter */ = {
			isa = PBXGroup;
			children = (
				E5E7865621264C9B00CCF0D0 /* AppDelegate.swift */,
				E5E7865821264C9B00CCF0D0 /* WeightViewController.swift */,
				E5E7865A21264C9B00CCF0D0 /* TempretureViewController.swift */,
				E5E7865C21264C9B00CCF0D0 /* Main.storyboard */,
				E5E7865F21264C9B00CCF0D0 /* Assets.xcassets */,
				E5E7866121264C9B00CCF0D0 /* LaunchScreen.storyboard */,
				E5E7866421264C9B00CCF0D0 /* Info.plist */,
				E5A98BAE2127EE82003F1D99 /* DistanceViewController.swift */,
				E5A98BB02127EEC4003F1D99 /* SpeedViewController.swift */,
				E5A98BB22127F2E9003F1D99 /* WeightConversion.swift */,
			);
			path = unit_converter;
			sourceTree = "<group>";
		};
		E5E7866C21264C9B00CCF0D0 /* unit_converterTests */ = {
			isa = PBXGroup;
			children = (
				E5E7866D21264C9B00CCF0D0 /* unit_converterTests.swift */,
				E5E7866F21264C9B00CCF0D0 /* Info.plist */,
			);
			path = unit_converterTests;
			sourceTree = "<group>";
		};
		E5E7867721264C9B00CCF0D0 /* unit_converterUITests */ = {
			isa = PBXGroup;
			children = (
				E5E7867821264C9B00CCF0D0 /* unit_converterUITests.swift */,
				E5E7867A21264C9B00CCF0D0 /* Info.plist */,
			);
			path = unit_converterUITests;
			sourceTree = "<group>";
		};
/* End PBXGroup section */

/* Begin PBXNativeTarget section */
		E5E7865221264C9B00CCF0D0 /* unit_converter */ = {
			isa = PBXNativeTarget;
			buildConfigurationList = E5E7867D21264C9B00CCF0D0 /* Build configuration list for PBXNativeTarget "unit_converter" */;
			buildPhases = (
				E5E7864F21264C9B00CCF0D0 /* Sources */,
				E5E7865021264C9B00CCF0D0 /* Frameworks */,
				E5E7865121264C9B00CCF0D0 /* Resources */,
			);
			buildRules = (
			);
			dependencies = (
			);
			name = unit_converter;
			productName = unit_converter;
			productReference = E5E7865321264C9B00CCF0D0 /* unit_converter.app */;
			productType = "com.apple.product-type.application";
		};
		E5E7866821264C9B00CCF0D0 /* unit_converterTests */ = {
			isa = PBXNativeTarget;
			buildConfigurationList = E5E7868021264C9B00CCF0D0 /* Build configuration list for PBXNativeTarget "unit_converterTests" */;
			buildPhases = (
				E5E7866521264C9B00CCF0D0 /* Sources */,
				E5E7866621264C9B00CCF0D0 /* Frameworks */,
				E5E7866721264C9B00CCF0D0 /* Resources */,
			);
			buildRules = (
			);
			dependencies = (
				E5E7866B21264C9B00CCF0D0 /* PBXTargetDependency */,
			);
			name = unit_converterTests;
			productName = unit_converterTests;
			productReference = E5E7866921264C9B00CCF0D0 /* unit_converterTests.xctest */;
			productType = "com.apple.product-type.bundle.unit-test";
		};
		E5E7867321264C9B00CCF0D0 /* unit_converterUITests */ = {
			isa = PBXNativeTarget;
			buildConfigurationList = E5E7868321264C9B00CCF0D0 /* Build configuration list for PBXNativeTarget "unit_converterUITests" */;
			buildPhases = (
				E5E7867021264C9B00CCF0D0 /* Sources */,
				E5E7867121264C9B00CCF0D0 /* Frameworks */,
				E5E7867221264C9B00CCF0D0 /* Resources */,
			);
			buildRules = (
			);
			dependencies = (
				E5E7867621264C9B00CCF0D0 /* PBXTargetDependency */,
			);
			name = unit_converterUITests;
			productName = unit_converterUITests;
			productReference = E5E7867421264C9B00CCF0D0 /* unit_converterUITests.xctest */;
			productType = "com.apple.product-type.bundle.ui-testing";
		};
/* End PBXNativeTarget section */

/* Begin PBXProject section */
		E5E7864B21264C9B00CCF0D0 /* Project object */ = {
			isa = PBXProject;
			attributes = {
				LastSwiftUpdateCheck = 0900;
				LastUpgradeCheck = 0900;
				ORGANIZATIONNAME = "Lasitha Siriweera";
				TargetAttributes = {
					E5E7865221264C9B00CCF0D0 = {
						CreatedOnToolsVersion = 9.0;
						ProvisioningStyle = Automatic;
					};
					E5E7866821264C9B00CCF0D0 = {
						CreatedOnToolsVersion = 9.0;
						ProvisioningStyle = Automatic;
						TestTargetID = E5E7865221264C9B00CCF0D0;
					};
					E5E7867321264C9B00CCF0D0 = {
						CreatedOnToolsVersion = 9.0;
						ProvisioningStyle = Automatic;
						TestTargetID = E5E7865221264C9B00CCF0D0;
					};
				};
			};
			buildConfigurationList = E5E7864E21264C9B00CCF0D0 /* Build configuration list for PBXProject "unit_converter" */;
			compatibilityVersion = "Xcode 8.0";
			developmentRegion = en;
			hasScannedForEncodings = 0;
			knownRegions = (
				en,
				Base,
			);
			mainGroup = E5E7864A21264C9B00CCF0D0;
			productRefGroup = E5E7865421264C9B00CCF0D0 /* Products */;
			projectDirPath = "";
			projectRoot = "";
			targets = (
				E5E7865221264C9B00CCF0D0 /* unit_converter */,
				E5E7866821264C9B00CCF0D0 /* unit_converterTests */,
				E5E7867321264C9B00CCF0D0 /* unit_converterUITests */,
			);
		};
/* End PBXProject section */

/* Begin PBXResourcesBuildPhase section */
		E5E7865121264C9B00CCF0D0 /* Resources */ = {
			isa = PBXResourcesBuildPhase;
			buildActionMask = 2147483647;
			files = (
				E5E7866321264C9B00CCF0D0 /* LaunchScreen.storyboard in Resources */,
				E5E7866021264C9B00CCF0D0 /* Assets.xcassets in Resources */,
				E5E7865E21264C9B00CCF0D0 /* Main.storyboard in Resources */,
			);
			runOnlyForDeploymentPostprocessing = 0;
		};
		E5E7866721264C9B00CCF0D0 /* Resources */ = {
			isa = PBXResourcesBuildPhase;
			buildActionMask = 2147483647;
			files = (
			);
			runOnlyForDeploymentPostprocessing = 0;
		};
		E5E7867221264C9B00CCF0D0 /* Resources */ = {
			isa = PBXResourcesBuildPhase;
			buildActionMask = 2147483647;
			files = (
			);
			runOnlyForDeploymentPostprocessing = 0;
		};
/* End PBXResourcesBuildPhase section */

/* Begin PBXSourcesBuildPhase section */
		E5E7864F21264C9B00CCF0D0 /* Sources */ = {
			isa = PBXSourcesBuildPhase;
			buildActionMask = 2147483647;
			files = (
				E5E7865B21264C9B00CCF0D0 /* TempretureViewController.swift in Sources */,
				E5A98BB32127F2E9003F1D99 /* WeightConversion.swift in Sources */,
				E5A98BB12127EEC4003F1D99 /* SpeedViewController.swift in Sources */,
				E5A98BAF2127EE82003F1D99 /* DistanceViewController.swift in Sources */,
				E5E7865721264C9B00CCF0D0 /* AppDelegate.swift in Sources */,
				E5E7865921264C9B00CCF0D0 /* WeightViewController.swift in Sources */,
			);
			runOnlyForDeploymentPostprocessing = 0;
		};
		E5E7866521264C9B00CCF0D0 /* Sources */ = {
			isa = PBXSourcesBuildPhase;
			buildActionMask = 2147483647;
			files = (
				E5E7866E21264C9B00CCF0D0 /* unit_converterTests.swift in Sources */,
			);
			runOnlyForDeploymentPostprocessing = 0;
		};
		E5E7867021264C9B00CCF0D0 /* Sources */ = {
			isa = PBXSourcesBuildPhase;
			buildActionMask = 2147483647;
			files = (
				E5E7867921264C9B00CCF0D0 /* unit_converterUITests.swift in Sources */,
			);
			runOnlyForDeploymentPostprocessing = 0;
		};
/* End PBXSourcesBuildPhase section */

/* Begin PBXTargetDependency section */
		E5E7866B21264C9B00CCF0D0 /* PBXTargetDependency */ = {
			isa = PBXTargetDependency;
			target = E5E7865221264C9B00CCF0D0 /* unit_converter */;
			targetProxy = E5E7866A21264C9B00CCF0D0 /* PBXContainerItemProxy */;
		};
		E5E7867621264C9B00CCF0D0 /* PBXTargetDependency */ = {
			isa = PBXTargetDependency;
			target = E5E7865221264C9B00CCF0D0 /* unit_converter */;
			targetProxy = E5E7867521264C9B00CCF0D0 /* PBXContainerItemProxy */;
		};
/* End PBXTargetDependency section */

/* Begin PBXVariantGroup section */
		E5E7865C21264C9B00CCF0D0 /* Main.storyboard */ = {
			isa = PBXVariantGroup;
			children = (
				E5E7865D21264C9B00CCF0D0 /* Base */,
			);
			name = Main.storyboard;
			sourceTree = "<group>";
		};
		E5E7866121264C9B00CCF0D0 /* LaunchScreen.storyboard */ = {
			isa = PBXVariantGroup;
			children = (
				E5E7866221264C9B00CCF0D0 /* Base */,
			);
			name = LaunchScreen.storyboard;
			sourceTree = "<group>";
		};
/* End PBXVariantGroup section */

/* Begin XCBuildConfiguration section */
		E5E7867B21264C9B00CCF0D0 /* Debug */ = {
			isa = XCBuildConfiguration;
			buildSettings = {
				ALWAYS_SEARCH_USER_PATHS = NO;
				CLANG_ANALYZER_NONNULL = YES;
				CLANG_ANALYZER_NUMBER_OBJECT_CONVERSION = YES_AGGRESSIVE;
				CLANG_CXX_LANGUAGE_STANDARD = "gnu++14";
				CLANG_CXX_LIBRARY = "libc++";
				CLANG_ENABLE_MODULES = YES;
				CLANG_ENABLE_OBJC_ARC = YES;
				CLANG_WARN_BLOCK_CAPTURE_AUTORELEASING = YES;
				CLANG_WARN_BOOL_CONVERSION = YES;
				CLANG_WARN_COMMA = YES;
				CLANG_WARN_CONSTANT_CONVERSION = YES;
				CLANG_WARN_DIRECT_OBJC_ISA_USAGE = YES_ERROR;
				CLANG_WARN_DOCUMENTATION_COMMENTS = YES;
				CLANG_WARN_EMPTY_BODY = YES;
				CLANG_WARN_ENUM_CONVERSION = YES;
				CLANG_WARN_INFINITE_RECURSION = YES;
				CLANG_WARN_INT_CONVERSION = YES;
				CLANG_WARN_NON_LITERAL_NULL_CONVERSION = YES;
				CLANG_WARN_OBJC_LITERAL_CONVERSION = YES;
				CLANG_WARN_OBJC_ROOT_CLASS = YES_ERROR;
				CLANG_WARN_RANGE_LOOP_ANALYSIS = YES;
				CLANG_WARN_STRICT_PROTOTYPES = YES;
				CLANG_WARN_SUSPICIOUS_MOVE = YES;
				CLANG_WARN_UNGUARDED_AVAILABILITY = YES_AGGRESSIVE;
				CLANG_WARN_UNREACHABLE_CODE = YES;
				CLANG_WARN__DUPLICATE_METHOD_MATCH = YES;
				CODE_SIGN_IDENTITY = "iPhone Developer";
				COPY_PHASE_STRIP = NO;
				DEBUG_INFORMATION_FORMAT = dwarf;
				ENABLE_STRICT_OBJC_MSGSEND = YES;
				ENABLE_TESTABILITY = YES;
				GCC_C_LANGUAGE_STANDARD = gnu11;
				GCC_DYNAMIC_NO_PIC = NO;
				GCC_NO_COMMON_BLOCKS = YES;
				GCC_OPTIMIZATION_LEVEL = 0;
				GCC_PREPROCESSOR_DEFINITIONS = (
					"DEBUG=1",
					"$(inherited)",
				);
				GCC_WARN_64_TO_32_BIT_CONVERSION = YES;
				GCC_WARN_ABOUT_RETURN_TYPE = YES_ERROR;
				GCC_WARN_UNDECLARED_SELECTOR = YES;
				GCC_WARN_UNINITIALIZED_AUTOS = YES_AGGRESSIVE;
				GCC_WARN_UNUSED_FUNCTION = YES;
				GCC_WARN_UNUSED_VARIABLE = YES;
				IPHONEOS_DEPLOYMENT_TARGET = 11.0;
				MTL_ENABLE_DEBUG_INFO = YES;
				ONLY_ACTIVE_ARCH = YES;
				SDKROOT = iphoneos;
				SWIFT_ACTIVE_COMPILATION_CONDITIONS = DEBUG;
				SWIFT_OPTIMIZATION_LEVEL = "-Onone";
			};
			name = Debug;
		};
		E5E7867C21264C9B00CCF0D0 /* Release */ = {
			isa = XCBuildConfiguration;
			buildSettings = {
				ALWAYS_SEARCH_USER_PATHS = NO;
				CLANG_ANALYZER_NONNULL = YES;
				CLANG_ANALYZER_NUMBER_OBJECT_CONVERSION = YES_AGGRESSIVE;
				CLANG_CXX_LANGUAGE_STANDARD = "gnu++14";
				CLANG_CXX_LIBRARY = "libc++";
				CLANG_ENABLE_MODULES = YES;
				CLANG_ENABLE_OBJC_ARC = YES;
				CLANG_WARN_BLOCK_CAPTURE_AUTORELEASING = YES;
				CLANG_WARN_BOOL_CONVERSION = YES;
				CLANG_WARN_COMMA = YES;
				CLANG_WARN_CONSTANT_CONVERSION = YES;
				CLANG_WARN_DIRECT_OBJC_ISA_USAGE = YES_ERROR;
				CLANG_WARN_DOCUMENTATION_COMMENTS = YES;
				CLANG_WARN_EMPTY_BODY = YES;
				CLANG_WARN_ENUM_CONVERSION = YES;
				CLANG_WARN_INFINITE_RECURSION = YES;
				CLANG_WARN_INT_CONVERSION = YES;
				CLANG_WARN_NON_LITERAL_NULL_CONVERSION = YES;
				CLANG_WARN_OBJC_LITERAL_CONVERSION = YES;
				CLANG_WARN_OBJC_ROOT_CLASS = YES_ERROR;
				CLANG_WARN_RANGE_LOOP_ANALYSIS = YES;
				CLANG_WARN_STRICT_PROTOTYPES = YES;
				CLANG_WARN_SUSPICIOUS_MOVE = YES;
				CLANG_WARN_UNGUARDED_AVAILABILITY = YES_AGGRESSIVE;
				CLANG_WARN_UNREACHABLE_CODE = YES;
				CLANG_WARN__DUPLICATE_METHOD_MATCH = YES;
				CODE_SIGN_IDENTITY = "iPhone Developer";
				COPY_PHASE_STRIP = NO;
				DEBUG_INFORMATION_FORMAT = "dwarf-with-dsym";
				ENABLE_NS_ASSERTIONS = NO;
				ENABLE_STRICT_OBJC_MSGSEND = YES;
				GCC_C_LANGUAGE_STANDARD = gnu11;
				GCC_NO_COMMON_BLOCKS = YES;
				GCC_WARN_64_TO_32_BIT_CONVERSION = YES;
				GCC_WARN_ABOUT_RETURN_TYPE = YES_ERROR;
				GCC_WARN_UNDECLARED_SELECTOR = YES;
				GCC_WARN_UNINITIALIZED_AUTOS = YES_AGGRESSIVE;
				GCC_WARN_UNUSED_FUNCTION = YES;
				GCC_WARN_UNUSED_VARIABLE = YES;
				IPHONEOS_DEPLOYMENT_TARGET = 11.0;
				MTL_ENABLE_DEBUG_INFO = NO;
				SDKROOT = iphoneos;
				SWIFT_OPTIMIZATION_LEVEL = "-Owholemodule";
				VALIDATE_PRODUCT = YES;
			};
			name = Release;
		};
		E5E7867E21264C9B00CCF0D0 /* Debug */ = {
			isa = XCBuildConfiguration;
			buildSettings = {
				ASSETCATALOG_COMPILER_APPICON_NAME = AppIcon;
				CODE_SIGN_STYLE = Automatic;
				INFOPLIST_FILE = unit_converter/Info.plist;
				LD_RUNPATH_SEARCH_PATHS = "$(inherited) @executable_path/Frameworks";
				PRODUCT_BUNDLE_IDENTIFIER = "com.lasitha.siriweera.unit-converter";
				PRODUCT_NAME = "$(TARGET_NAME)";
				SWIFT_VERSION = 4.0;
				TARGETED_DEVICE_FAMILY = "1,2";
			};
			name = Debug;
		};
		E5E7867F21264C9B00CCF0D0 /* Release */ = {
			isa = XCBuildConfiguration;
			buildSettings = {
				ASSETCATALOG_COMPILER_APPICON_NAME = AppIcon;
				CODE_SIGN_STYLE = Automatic;
				INFOPLIST_FILE = unit_converter/Info.plist;
				LD_RUNPATH_SEARCH_PATHS = "$(inherited) @executable_path/Frameworks";
				PRODUCT_BUNDLE_IDENTIFIER = "com.lasitha.siriweera.unit-converter";
				PRODUCT_NAME = "$(TARGET_NAME)";
				SWIFT_VERSION = 4.0;
				TARGETED_DEVICE_FAMILY = "1,2";
			};
			name = Release;
		};
		E5E7868121264C9B00CCF0D0 /* Debug */ = {
			isa = XCBuildConfiguration;
			buildSettings = {
				ALWAYS_EMBED_SWIFT_STANDARD_LIBRARIES = YES;
				BUNDLE_LOADER = "$(TEST_HOST)";
				CODE_SIGN_STYLE = Automatic;
				INFOPLIST_FILE = unit_converterTests/Info.plist;
				LD_RUNPATH_SEARCH_PATHS = "$(inherited) @executable_path/Frameworks @loader_path/Frameworks";
				PRODUCT_BUNDLE_IDENTIFIER = "com.lasitha.siriweera.unit-converterTests";
				PRODUCT_NAME = "$(TARGET_NAME)";
				SWIFT_VERSION = 4.0;
				TARGETED_DEVICE_FAMILY = "1,2";
				TEST_HOST = "$(BUILT_PRODUCTS_DIR)/unit_converter.app/unit_converter";
			};
			name = Debug;
		};
		E5E7868221264C9B00CCF0D0 /* Release */ = {
			isa = XCBuildConfiguration;
			buildSettings = {
				ALWAYS_EMBED_SWIFT_STANDARD_LIBRARIES = YES;
				BUNDLE_LOADER = "$(TEST_HOST)";
				CODE_SIGN_STYLE = Automatic;
				INFOPLIST_FILE = unit_converterTests/Info.plist;
				LD_RUNPATH_SEARCH_PATHS = "$(inherited) @executable_path/Frameworks @loader_path/Frameworks";
				PRODUCT_BUNDLE_IDENTIFIER = "com.lasitha.siriweera.unit-converterTests";
				PRODUCT_NAME = "$(TARGET_NAME)";
				SWIFT_VERSION = 4.0;
				TARGETED_DEVICE_FAMILY = "1,2";
				TEST_HOST = "$(BUILT_PRODUCTS_DIR)/unit_converter.app/unit_converter";
			};
			name = Release;
		};
		E5E7868421264C9B00CCF0D0 /* Debug */ = {
			isa = XCBuildConfiguration;
			buildSettings = {
				ALWAYS_EMBED_SWIFT_STANDARD_LIBRARIES = YES;
				CODE_SIGN_STYLE = Automatic;
				INFOPLIST_FILE = unit_converterUITests/Info.plist;
				LD_RUNPATH_SEARCH_PATHS = "$(inherited) @executable_path/Frameworks @loader_path/Frameworks";
				PRODUCT_BUNDLE_IDENTIFIER = "com.lasitha.siriweera.unit-converterUITests";
				PRODUCT_NAME = "$(TARGET_NAME)";
				SWIFT_VERSION = 4.0;
				TARGETED_DEVICE_FAMILY = "1,2";
				TEST_TARGET_NAME = unit_converter;
			};
			name = Debug;
		};
		E5E7868521264C9B00CCF0D0 /* Release */ = {
			isa = XCBuildConfiguration;
			buildSettings = {
				ALWAYS_EMBED_SWIFT_STANDARD_LIBRARIES = YES;
				CODE_SIGN_STYLE = Automatic;
				INFOPLIST_FILE = unit_converterUITests/Info.plist;
				LD_RUNPATH_SEARCH_PATHS = "$(inherited) @executable_path/Frameworks @loader_path/Frameworks";
				PRODUCT_BUNDLE_IDENTIFIER = "com.lasitha.siriweera.unit-converterUITests";
				PRODUCT_NAME = "$(TARGET_NAME)";
				SWIFT_VERSION = 4.0;
				TARGETED_DEVICE_FAMILY = "1,2";
				TEST_TARGET_NAME = unit_converter;
			};
			name = Release;
		};
/* End XCBuildConfiguration section */

/* Begin XCConfigurationList section */
		E5E7864E21264C9B00CCF0D0 /* Build configuration list for PBXProject "unit_converter" */ = {
			isa = XCConfigurationList;
			buildConfigurations = (
				E5E7867B21264C9B00CCF0D0 /* Debug */,
				E5E7867C21264C9B00CCF0D0 /* Release */,
			);
			defaultConfigurationIsVisible = 0;
			defaultConfigurationName = Release;
		};
		E5E7867D21264C9B00CCF0D0 /* Build configuration list for PBXNativeTarget "unit_converter" */ = {
			isa = XCConfigurationList;
			buildConfigurations = (
				E5E7867E21264C9B00CCF0D0 /* Debug */,
				E5E7867F21264C9B00CCF0D0 /* Release */,
			);
			defaultConfigurationIsVisible = 0;
			defaultConfigurationName = Release;
		};
		E5E7868021264C9B00CCF0D0 /* Build configuration list for PBXNativeTarget "unit_converterTests" */ = {
			isa = XCConfigurationList;
			buildConfigurations = (
				E5E7868121264C9B00CCF0D0 /* Debug */,
				E5E7868221264C9B00CCF0D0 /* Release */,
			);
			defaultConfigurationIsVisible = 0;
			defaultConfigurationName = Release;
		};
		E5E7868321264C9B00CCF0D0 /* Build configuration list for PBXNativeTarget "unit_converterUITests" */ = {
			isa = XCConfigurationList;
			buildConfigurations = (
				E5E7868421264C9B00CCF0D0 /* Debug */,
				E5E7868521264C9B00CCF0D0 /* Release */,
			);
			defaultConfigurationIsVisible = 0;
			defaultConfigurationName = Release;
		};
/* End XCConfigurationList section */
	};
	rootObject = E5E7864B21264C9B00CCF0D0 /* Project object */;
}
